
Microsoft Visual Studio Solution File, Format Version 12.00
# Visual Studio Version 17
VisualStudioVersion = 17.0.31903.59
MinimumVisualStudioVersion = 10.0.40219.1
Project("{2150E333-8FDC-42A3-9474-1A3956D46DE8}") = "src", "src", "{827E0CD3-B72D-47B6-A68D-7590B98EB39B}"
EndProject
Project("{FAE04EC0-301F-11D3-BF4B-00C04F79EFBC}") = "HOI4Benchmark.Domain", "src\HOI4Benchmark.Domain\HOI4Benchmark.Domain.csproj", "{83E6C918-9CB2-4F2E-872A-67BFCD329DAD}"
EndProject
Project("{FAE04EC0-301F-11D3-BF4B-00C04F79EFBC}") = "HOI4Benchmark.Application", "src\HOI4Benchmark.Application\HOI4Benchmark.Application.csproj", "{84DB0584-6068-469F-9182-4EC392589C2F}"
EndProject
Project("{FAE04EC0-301F-11D3-BF4B-00C04F79EFBC}") = "HOI4Benchmark.Infrastructure", "src\HOI4Benchmark.Infrastructure\HOI4Benchmark.Infrastructure.csproj", "{30BB9C73-872B-437C-89AB-F4F6E9AA4A49}"
EndProject
Project("{FAE04EC0-301F-11D3-BF4B-00C04F79EFBC}") = "HOI4Benchmark.App", "src\HOI4Benchmark.App\HOI4Benchmark.App.csproj", "{AC05234C-3581-49BA-AC7D-77F428D23732}"
EndProject
Project("{2150E333-8FDC-42A3-9474-1A3956D46DE8}") = "tests", "tests", "{0AB3BF05-4346-4AA6-1389-037BE0695223}"
EndProject
Project("{FAE04EC0-301F-11D3-BF4B-00C04F79EFBC}") = "HOI4Benchmark.Tests", "tests\HOI4Benchmark.Tests\HOI4Benchmark.Tests.csproj", "{BFB0614F-95A5-480D-A6C3-88666FAE193D}"
EndProject
Global
	GlobalSection(SolutionConfigurationPlatforms) = preSolution
		Debug|Any CPU = Debug|Any CPU
		Debug|x64 = Debug|x64
		Debug|x86 = Debug|x86
		Release|Any CPU = Release|Any CPU
		Release|x64 = Release|x64
		Release|x86 = Release|x86
	EndGlobalSection
	GlobalSection(ProjectConfigurationPlatforms) = postSolution
		{83E6C918-9CB2-4F2E-872A-67BFCD329DAD}.Debug|Any CPU.ActiveCfg = Debug|Any CPU
		{83E6C918-9CB2-4F2E-872A-67BFCD329DAD}.Debug|Any CPU.Build.0 = Debug|Any CPU
		{83E6C918-9CB2-4F2E-872A-67BFCD329DAD}.Debug|x64.ActiveCfg = Debug|Any CPU
		{83E6C918-9CB2-4F2E-872A-67BFCD329DAD}.Debug|x64.Build.0 = Debug|Any CPU
		{83E6C918-9CB2-4F2E-872A-67BFCD329DAD}.Debug|x86.ActiveCfg = Debug|Any CPU
		{83E6C918-9CB2-4F2E-872A-67BFCD329DAD}.Debug|x86.Build.0 = Debug|Any CPU
		{83E6C918-9CB2-4F2E-872A-67BFCD329DAD}.Release|Any CPU.ActiveCfg = Release|Any CPU
		{83E6C918-9CB2-4F2E-872A-67BFCD329DAD}.Release|Any CPU.Build.0 = Release|Any CPU
		{83E6C918-9CB2-4F2E-872A-67BFCD329DAD}.Release|x64.ActiveCfg = Release|Any CPU
		{83E6C918-9CB2-4F2E-872A-67BFCD329DAD}.Release|x64.Build.0 = Release|Any CPU
		{83E6C918-9CB2-4F2E-872A-67BFCD329DAD}.Release|x86.ActiveCfg = Release|Any CPU
		{83E6C918-9CB2-4F2E-872A-67BFCD329DAD}.Release|x86.Build.0 = Release|Any CPU
		{84DB0584-6068-469F-9182-4EC392589C2F}.Debug|Any CPU.ActiveCfg = Debug|Any CPU
		{84DB0584-6068-469F-9182-4EC392589C2F}.Debug|Any CPU.Build.0 = Debug|Any CPU
		{84DB0584-6068-469F-9182-4EC392589C2F}.Debug|x64.ActiveCfg = Debug|Any CPU
		{84DB0584-6068-469F-9182-4EC392589C2F}.Debug|x64.Build.0 = Debug|Any CPU
		{84DB0584-6068-469F-9182-4EC392589C2F}.Debug|x86.ActiveCfg = Debug|Any CPU
		{84DB0584-6068-469F-9182-4EC392589C2F}.Debug|x86.Build.0 = Debug|Any CPU
		{84DB0584-6068-469F-9182-4EC392589C2F}.Release|Any CPU.ActiveCfg = Release|Any CPU
		{84DB0584-6068-469F-9182-4EC392589C2F}.Release|Any CPU.Build.0 = Release|Any CPU
		{84DB0584-6068-469F-9182-4EC392589C2F}.Release|x64.ActiveCfg = Release|Any CPU
		{84DB0584-6068-469F-9182-4EC392589C2F}.Release|x64.Build.0 = Release|Any CPU
		{84DB0584-6068-469F-9182-4EC392589C2F}.Release|x86.ActiveCfg = Release|Any CPU
		{84DB0584-6068-469F-9182-4EC392589C2F}.Release|x86.Build.0 = Release|Any CPU
		{30BB9C73-872B-437C-89AB-F4F6E9AA4A49}.Debug|Any CPU.ActiveCfg = Debug|Any CPU
		{30BB9C73-872B-437C-89AB-F4F6E9AA4A49}.Debug|Any CPU.Build.0 = Debug|Any CPU
		{30BB9C73-872B-437C-89AB-F4F6E9AA4A49}.Debug|x64.ActiveCfg = Debug|Any CPU
		{30BB9C73-872B-437C-89AB-F4F6E9AA4A49}.Debug|x64.Build.0 = Debug|Any CPU
		{30BB9C73-872B-437C-89AB-F4F6E9AA4A49}.Debug|x86.ActiveCfg = Debug|Any CPU
		{30BB9C73-872B-437C-89AB-F4F6E9AA4A49}.Debug|x86.Build.0 = Debug|Any CPU
		{30BB9C73-872B-437C-89AB-F4F6E9AA4A49}.Release|Any CPU.ActiveCfg = Release|Any CPU
		{30BB9C73-872B-437C-89AB-F4F6E9AA4A49}.Release|Any CPU.Build.0 = Release|Any CPU
		{30BB9C73-872B-437C-89AB-F4F6E9AA4A49}.Release|x64.ActiveCfg = Release|Any CPU
		{30BB9C73-872B-437C-89AB-F4F6E9AA4A49}.Release|x64.Build.0 = Release|Any CPU
		{30BB9C73-872B-437C-89AB-F4F6E9AA4A49}.Release|x86.ActiveCfg = Release|Any CPU
		{30BB9C73-872B-437C-89AB-F4F6E9AA4A49}.Release|x86.Build.0 = Release|Any CPU
		{AC05234C-3581-49BA-AC7D-77F428D23732}.Debug|Any CPU.ActiveCfg = Debug|Any CPU
		{AC05234C-3581-49BA-AC7D-77F428D23732}.Debug|Any CPU.Build.0 = Debug|Any CPU
		{AC05234C-3581-49BA-AC7D-77F428D23732}.Debug|x64.ActiveCfg = Debug|Any CPU
		{AC05234C-3581-49BA-AC7D-77F428D23732}.Debug|x64.Build.0 = Debug|Any CPU
		{AC05234C-3581-49BA-AC7D-77F428D23732}.Debug|x86.ActiveCfg = Debug|Any CPU
		{AC05234C-3581-49BA-AC7D-77F428D23732}.Debug|x86.Build.0 = Debug|Any CPU
		{AC05234C-3581-49BA-AC7D-77F428D23732}.Release|Any CPU.ActiveCfg = Release|Any CPU
		{AC05234C-3581-49BA-AC7D-77F428D23732}.Release|Any CPU.Build.0 = Release|Any CPU
		{AC05234C-3581-49BA-AC7D-77F428D23732}.Release|x64.ActiveCfg = Release|Any CPU
		{AC05234C-3581-49BA-AC7D-77F428D23732}.Release|x64.Build.0 = Release|Any CPU
		{AC05234C-3581-49BA-AC7D-77F428D23732}.Release|x86.ActiveCfg = Release|Any CPU
		{AC05234C-3581-49BA-AC7D-77F428D23732}.Release|x86.Build.0 = Release|Any CPU
		{BFB0614F-95A5-480D-A6C3-88666FAE193D}.Debug|Any CPU.ActiveCfg = Debug|Any CPU
		{BFB0614F-95A5-480D-A6C3-88666FAE193D}.Debug|Any CPU.Build.0 = Debug|Any CPU
		{BFB0614F-95A5-480D-A6C3-88666FAE193D}.Debug|x64.ActiveCfg = Debug|Any CPU
		{BFB0614F-95A5-480D-A6C3-88666FAE193D}.Debug|x64.Build.0 = Debug|Any CPU
		{BFB0614F-95A5-480D-A6C3-88666FAE193D}.Debug|x86.ActiveCfg = Debug|Any CPU
		{BFB0614F-95A5-480D-A6C3-88666FAE193D}.Debug|x86.Build.0 = Debug|Any CPU
		{BFB0614F-95A5-480D-A6C3-88666FAE193D}.Release|Any CPU.ActiveCfg = Release|Any CPU
		{BFB0614F-95A5-480D-A6C3-88666FAE193D}.Release|Any CPU.Build.0 = Release|Any CPU
		{BFB0614F-95A5-480D-A6C3-88666FAE193D}.Release|x64.ActiveCfg = Release|Any CPU
		{BFB0614F-95A5-480D-A6C3-88666FAE193D}.Release|x64.Build.0 = Release|Any CPU
		{BFB0614F-95A5-480D-A6C3-88666FAE193D}.Release|x86.ActiveCfg = Release|Any CPU
		{BFB0614F-95A5-480D-A6C3-88666FAE193D}.Release|x86.Build.0 = Release|Any CPU
	EndGlobalSection
	GlobalSection(SolutionProperties) = preSolution
		HideSolutionNode = FALSE
	EndGlobalSection
	GlobalSection(NestedProjects) = preSolution
		{83E6C918-9CB2-4F2E-872A-67BFCD329DAD} = {827E0CD3-B72D-47B6-A68D-7590B98EB39B}
		{84DB0584-6068-469F-9182-4EC392589C2F} = {827E0CD3-B72D-47B6-A68D-7590B98EB39B}
		{30BB9C73-872B-437C-89AB-F4F6E9AA4A49} = {827E0CD3-B72D-47B6-A68D-7590B98EB39B}
		{AC05234C-3581-49BA-AC7D-77F428D23732} = {827E0CD3-B72D-47B6-A68D-7590B98EB39B}
		{BFB0614F-95A5-480D-A6C3-88666FAE193D} = {0AB3BF05-4346-4AA6-1389-037BE0695223}
	EndGlobalSection
EndGlobal
